
Microsoft Visual Studio Solution File, Format Version 12.00
# Visual Studio 15
Project("{FAE04EC0-301F-11D3-BF4B-00C04F79EFBC}") = "EightBot.Orbit.Core", "EightBot.Orbit.Core\EightBot.Orbit.Core.csproj", "{2CCB41DC-F189-403D-8CD4-0F202A96B69B}"
EndProject
Project("{FAE04EC0-301F-11D3-BF4B-00C04F79EFBC}") = "EightBot.Orbit.Client", "EightBot.Orbit.Client\EightBot.Orbit.Client.csproj", "{84113539-CD8F-4747-8125-8885AF816BD2}"
EndProject
Project("{FAE04EC0-301F-11D3-BF4B-00C04F79EFBC}") = "EightBot.Orbit.Tests", "EightBot.Orbit.Tests\EightBot.Orbit.Tests.csproj", "{80073C86-B8B3-48D7-AB5F-44CDB0458A10}"
EndProject
Project("{FAE04EC0-301F-11D3-BF4B-00C04F79EFBC}") = "OrbitSample.Android", "OrbitSample.Android\OrbitSample.Android.csproj", "{ED6FEFE0-5484-4B0F-98BB-2E1A69E577E5}"
EndProject
Project("{FAE04EC0-301F-11D3-BF4B-00C04F79EFBC}") = "OrbitSample.iOS", "OrbitSample.iOS\OrbitSample.iOS.csproj", "{ABC89AF8-92B0-423F-8173-A5DAB0FFF977}"
EndProject
Project("{FAE04EC0-301F-11D3-BF4B-00C04F79EFBC}") = "OrbitSample", "OrbitSample\OrbitSample.csproj", "{FA37D1E6-7F75-406C-99B1-328620A4CD89}"
EndProject
Project("{2150E333-8FDC-42A3-9474-1A3956D46DE8}") = "Sample", "Sample", "{67753BE6-DEEC-4538-A60F-B04109E79B26}"
EndProject
Project("{2150E333-8FDC-42A3-9474-1A3956D46DE8}") = "Tests", "Tests", "{9447D525-A673-4D2D-B54A-72B90C476F1A}"
EndProject
Project("{2150E333-8FDC-42A3-9474-1A3956D46DE8}") = "Build", "Build", "{C88EB3D3-4551-4980-A52B-B786BCB83E5D}"
	ProjectSection(SolutionItems) = preProject
		OrbitClient.nuspec = OrbitClient.nuspec
		build.cake = build.cake
		build.ps1 = build.ps1
		cakebuild.sh = cakebuild.sh
	EndProjectSection
EndProject
Global
	GlobalSection(SolutionConfigurationPlatforms) = preSolution
		Debug|Any CPU = Debug|Any CPU
		Release|Any CPU = Release|Any CPU
		Debug|iPhoneSimulator = Debug|iPhoneSimulator
		Release|iPhoneSimulator = Release|iPhoneSimulator
		Debug|iPhone = Debug|iPhone
		Release|iPhone = Release|iPhone
	EndGlobalSection
	GlobalSection(ProjectConfigurationPlatforms) = postSolution
		{2CCB41DC-F189-403D-8CD4-0F202A96B69B}.Debug|Any CPU.ActiveCfg = Debug|Any CPU
		{2CCB41DC-F189-403D-8CD4-0F202A96B69B}.Debug|Any CPU.Build.0 = Debug|Any CPU
		{2CCB41DC-F189-403D-8CD4-0F202A96B69B}.Release|Any CPU.ActiveCfg = Release|Any CPU
		{2CCB41DC-F189-403D-8CD4-0F202A96B69B}.Release|Any CPU.Build.0 = Release|Any CPU
		{2CCB41DC-F189-403D-8CD4-0F202A96B69B}.Debug|iPhoneSimulator.ActiveCfg = Debug|Any CPU
		{2CCB41DC-F189-403D-8CD4-0F202A96B69B}.Debug|iPhoneSimulator.Build.0 = Debug|Any CPU
		{2CCB41DC-F189-403D-8CD4-0F202A96B69B}.Release|iPhoneSimulator.ActiveCfg = Release|Any CPU
		{2CCB41DC-F189-403D-8CD4-0F202A96B69B}.Release|iPhoneSimulator.Build.0 = Release|Any CPU
		{2CCB41DC-F189-403D-8CD4-0F202A96B69B}.Debug|iPhone.ActiveCfg = Debug|Any CPU
		{2CCB41DC-F189-403D-8CD4-0F202A96B69B}.Debug|iPhone.Build.0 = Debug|Any CPU
		{2CCB41DC-F189-403D-8CD4-0F202A96B69B}.Release|iPhone.ActiveCfg = Release|Any CPU
		{2CCB41DC-F189-403D-8CD4-0F202A96B69B}.Release|iPhone.Build.0 = Release|Any CPU
		{84113539-CD8F-4747-8125-8885AF816BD2}.Debug|Any CPU.ActiveCfg = Debug|Any CPU
		{84113539-CD8F-4747-8125-8885AF816BD2}.Debug|Any CPU.Build.0 = Debug|Any CPU
		{84113539-CD8F-4747-8125-8885AF816BD2}.Release|Any CPU.ActiveCfg = Release|Any CPU
		{84113539-CD8F-4747-8125-8885AF816BD2}.Release|Any CPU.Build.0 = Release|Any CPU
		{84113539-CD8F-4747-8125-8885AF816BD2}.Debug|iPhoneSimulator.ActiveCfg = Debug|Any CPU
		{84113539-CD8F-4747-8125-8885AF816BD2}.Debug|iPhoneSimulator.Build.0 = Debug|Any CPU
		{84113539-CD8F-4747-8125-8885AF816BD2}.Release|iPhoneSimulator.ActiveCfg = Release|Any CPU
		{84113539-CD8F-4747-8125-8885AF816BD2}.Release|iPhoneSimulator.Build.0 = Release|Any CPU
		{84113539-CD8F-4747-8125-8885AF816BD2}.Debug|iPhone.ActiveCfg = Debug|Any CPU
		{84113539-CD8F-4747-8125-8885AF816BD2}.Debug|iPhone.Build.0 = Debug|Any CPU
		{84113539-CD8F-4747-8125-8885AF816BD2}.Release|iPhone.ActiveCfg = Release|Any CPU
		{84113539-CD8F-4747-8125-8885AF816BD2}.Release|iPhone.Build.0 = Release|Any CPU
		{80073C86-B8B3-48D7-AB5F-44CDB0458A10}.Debug|Any CPU.ActiveCfg = Debug|Any CPU
		{80073C86-B8B3-48D7-AB5F-44CDB0458A10}.Debug|Any CPU.Build.0 = Debug|Any CPU
		{80073C86-B8B3-48D7-AB5F-44CDB0458A10}.Release|Any CPU.ActiveCfg = Release|Any CPU
		{80073C86-B8B3-48D7-AB5F-44CDB0458A10}.Debug|iPhoneSimulator.ActiveCfg = Debug|Any CPU
		{80073C86-B8B3-48D7-AB5F-44CDB0458A10}.Debug|iPhoneSimulator.Build.0 = Debug|Any CPU
		{80073C86-B8B3-48D7-AB5F-44CDB0458A10}.Release|iPhoneSimulator.ActiveCfg = Release|Any CPU
		{80073C86-B8B3-48D7-AB5F-44CDB0458A10}.Release|iPhoneSimulator.Build.0 = Release|Any CPU
		{80073C86-B8B3-48D7-AB5F-44CDB0458A10}.Debug|iPhone.ActiveCfg = Debug|Any CPU
		{80073C86-B8B3-48D7-AB5F-44CDB0458A10}.Debug|iPhone.Build.0 = Debug|Any CPU
		{80073C86-B8B3-48D7-AB5F-44CDB0458A10}.Release|iPhone.ActiveCfg = Release|Any CPU
		{80073C86-B8B3-48D7-AB5F-44CDB0458A10}.Release|iPhone.Build.0 = Release|Any CPU
		{ED6FEFE0-5484-4B0F-98BB-2E1A69E577E5}.Debug|Any CPU.ActiveCfg = Debug|Any CPU
		{ED6FEFE0-5484-4B0F-98BB-2E1A69E577E5}.Debug|Any CPU.Build.0 = Debug|Any CPU
		{ED6FEFE0-5484-4B0F-98BB-2E1A69E577E5}.Release|Any CPU.ActiveCfg = Release|Any CPU
		{ED6FEFE0-5484-4B0F-98BB-2E1A69E577E5}.Debug|iPhoneSimulator.ActiveCfg = Debug|Any CPU
		{ED6FEFE0-5484-4B0F-98BB-2E1A69E577E5}.Debug|iPhoneSimulator.Build.0 = Debug|Any CPU
		{ED6FEFE0-5484-4B0F-98BB-2E1A69E577E5}.Release|iPhoneSimulator.ActiveCfg = Release|Any CPU
		{ED6FEFE0-5484-4B0F-98BB-2E1A69E577E5}.Release|iPhoneSimulator.Build.0 = Release|Any CPU
		{ED6FEFE0-5484-4B0F-98BB-2E1A69E577E5}.Debug|iPhone.ActiveCfg = Debug|Any CPU
		{ED6FEFE0-5484-4B0F-98BB-2E1A69E577E5}.Debug|iPhone.Build.0 = Debug|Any CPU
		{ED6FEFE0-5484-4B0F-98BB-2E1A69E577E5}.Release|iPhone.ActiveCfg = Release|Any CPU
		{ED6FEFE0-5484-4B0F-98BB-2E1A69E577E5}.Release|iPhone.Build.0 = Release|Any CPU
		{ABC89AF8-92B0-423F-8173-A5DAB0FFF977}.Debug|Any CPU.ActiveCfg = Debug|iPhoneSimulator
		{ABC89AF8-92B0-423F-8173-A5DAB0FFF977}.Debug|Any CPU.Build.0 = Debug|iPhoneSimulator
		{ABC89AF8-92B0-423F-8173-A5DAB0FFF977}.Release|Any CPU.ActiveCfg = Release|iPhoneSimulator
		{ABC89AF8-92B0-423F-8173-A5DAB0FFF977}.Debug|iPhoneSimulator.ActiveCfg = Debug|iPhoneSimulator
		{ABC89AF8-92B0-423F-8173-A5DAB0FFF977}.Debug|iPhoneSimulator.Build.0 = Debug|iPhoneSimulator
		{ABC89AF8-92B0-423F-8173-A5DAB0FFF977}.Release|iPhoneSimulator.ActiveCfg = Release|iPhoneSimulator
		{ABC89AF8-92B0-423F-8173-A5DAB0FFF977}.Release|iPhoneSimulator.Build.0 = Release|iPhoneSimulator
		{ABC89AF8-92B0-423F-8173-A5DAB0FFF977}.Debug|iPhone.ActiveCfg = Debug|iPhone
		{ABC89AF8-92B0-423F-8173-A5DAB0FFF977}.Debug|iPhone.Build.0 = Debug|iPhone
		{ABC89AF8-92B0-423F-8173-A5DAB0FFF977}.Release|iPhone.ActiveCfg = Release|iPhone
		{ABC89AF8-92B0-423F-8173-A5DAB0FFF977}.Release|iPhone.Build.0 = Release|iPhone
		{FA37D1E6-7F75-406C-99B1-328620A4CD89}.Debug|Any CPU.ActiveCfg = Debug|Any CPU
		{FA37D1E6-7F75-406C-99B1-328620A4CD89}.Debug|Any CPU.Build.0 = Debug|Any CPU
		{FA37D1E6-7F75-406C-99B1-328620A4CD89}.Release|Any CPU.ActiveCfg = Release|Any CPU
		{FA37D1E6-7F75-406C-99B1-328620A4CD89}.Debug|iPhoneSimulator.ActiveCfg = Debug|Any CPU
		{FA37D1E6-7F75-406C-99B1-328620A4CD89}.Debug|iPhoneSimulator.Build.0 = Debug|Any CPU
		{FA37D1E6-7F75-406C-99B1-328620A4CD89}.Release|iPhoneSimulator.ActiveCfg = Release|Any CPU
		{FA37D1E6-7F75-406C-99B1-328620A4CD89}.Release|iPhoneSimulator.Build.0 = Release|Any CPU
		{FA37D1E6-7F75-406C-99B1-328620A4CD89}.Debug|iPhone.ActiveCfg = Debug|Any CPU
		{FA37D1E6-7F75-406C-99B1-328620A4CD89}.Debug|iPhone.Build.0 = Debug|Any CPU
		{FA37D1E6-7F75-406C-99B1-328620A4CD89}.Release|iPhone.ActiveCfg = Release|Any CPU
		{FA37D1E6-7F75-406C-99B1-328620A4CD89}.Release|iPhone.Build.0 = Release|Any CPU
	EndGlobalSection
	GlobalSection(NestedProjects) = preSolution
		{FA37D1E6-7F75-406C-99B1-328620A4CD89} = {67753BE6-DEEC-4538-A60F-B04109E79B26}
		{ED6FEFE0-5484-4B0F-98BB-2E1A69E577E5} = {67753BE6-DEEC-4538-A60F-B04109E79B26}
		{ABC89AF8-92B0-423F-8173-A5DAB0FFF977} = {67753BE6-DEEC-4538-A60F-B04109E79B26}
		{80073C86-B8B3-48D7-AB5F-44CDB0458A10} = {9447D525-A673-4D2D-B54A-72B90C476F1A}
	EndGlobalSection
EndGlobal
